
Microsoft Visual Studio Solution File, Format Version 12.00
# Visual Studio Version 16
VisualStudioVersion = 16.0.32510.428
MinimumVisualStudioVersion = 10.0.40219.1
Project("{FAE04EC0-301F-11D3-BF4B-00C04F79EFBC}") = "BackEnd-API-CSharp", "BackEnd-API-CSharp\BackEnd-API-CSharp.csproj", "{DA4F82CD-5BDF-458B-9293-2C8A238267AA}"
EndProject
Global
	GlobalSection(SolutionConfigurationPlatforms) = preSolution
		Debug|Any CPU = Debug|Any CPU
		Release|Any CPU = Release|Any CPU
	EndGlobalSection
	GlobalSection(ProjectConfigurationPlatforms) = postSolution
		{DA4F82CD-5BDF-458B-9293-2C8A238267AA}.Debug|Any CPU.ActiveCfg = Debug|Any CPU
		{DA4F82CD-5BDF-458B-9293-2C8A238267AA}.Debug|Any CPU.Build.0 = Debug|Any CPU
		{DA4F82CD-5BDF-458B-9293-2C8A238267AA}.Release|Any CPU.ActiveCfg = Release|Any CPU
		{DA4F82CD-5BDF-458B-9293-2C8A238267AA}.Release|Any CPU.Build.0 = Release|Any CPU
	EndGlobalSection
	GlobalSection(SolutionProperties) = preSolution
		HideSolutionNode = FALSE
	EndGlobalSection
	GlobalSection(ExtensibilityGlobals) = postSolution
		SolutionGuid = {083117F8-4921-42A9-84FC-2EB048DDDA78}
	EndGlobalSection
EndGlobal
